
Microsoft Visual Studio Solution File, Format Version 12.00
# Visual Studio Version 17
VisualStudioVersion = 17.1.32210.238
MinimumVisualStudioVersion = 10.0.40219.1
Project("{9A19103F-16F7-4668-BE54-9A1E7A4F7556}") = "SlepoffStore", "SlepoffStore\SlepoffStore.csproj", "{F8702455-475A-46A7-81B9-4543F5B74E4F}"
EndProject
Project("{2150E333-8FDC-42A3-9474-1A3956D46DE8}") = "Solution Items", "Solution Items", "{3A2D6D8B-6DF6-4BA0-9AAA-4DAF97ED4C9E}"
	ProjectSection(SolutionItems) = preProject
		.editorconfig = .editorconfig
	EndProjectSection
EndProject
Project("{9A19103F-16F7-4668-BE54-9A1E7A4F7556}") = "SlepoffStore.Core", "SlepoffStore.Core\SlepoffStore.Core.csproj", "{4A0316EE-C208-4AE8-B144-975CE31F14B7}"
EndProject
Project("{9A19103F-16F7-4668-BE54-9A1E7A4F7556}") = "SlepoffStore.WebApi", "SlepoffStore.WebApi\SlepoffStore.WebApi.csproj", "{EB924E2F-B99F-4DAC-873B-15C054E2748B}"
EndProject
Project("{9A19103F-16F7-4668-BE54-9A1E7A4F7556}") = "SlepoffStore.Tests", "SlepoffStore.Tests\SlepoffStore.Tests.csproj", "{ADF93232-EBE2-49E5-A6BC-0062EEA1C11D}"
EndProject
Project("{FAE04EC0-301F-11D3-BF4B-00C04F79EFBC}") = "SlepoffStoreApp", "SlepoffStoreApp\SlepoffStoreApp.csproj", "{2533DD8A-7C4B-4A1A-8F61-83467653C283}"
EndProject
Global
	GlobalSection(SolutionConfigurationPlatforms) = preSolution
		Debug|Any CPU = Debug|Any CPU
		Release|Any CPU = Release|Any CPU
	EndGlobalSection
	GlobalSection(ProjectConfigurationPlatforms) = postSolution
		{F8702455-475A-46A7-81B9-4543F5B74E4F}.Debug|Any CPU.ActiveCfg = Debug|Any CPU
		{F8702455-475A-46A7-81B9-4543F5B74E4F}.Debug|Any CPU.Build.0 = Debug|Any CPU
		{F8702455-475A-46A7-81B9-4543F5B74E4F}.Release|Any CPU.ActiveCfg = Release|Any CPU
		{F8702455-475A-46A7-81B9-4543F5B74E4F}.Release|Any CPU.Build.0 = Release|Any CPU
		{4A0316EE-C208-4AE8-B144-975CE31F14B7}.Debug|Any CPU.ActiveCfg = Debug|Any CPU
		{4A0316EE-C208-4AE8-B144-975CE31F14B7}.Debug|Any CPU.Build.0 = Debug|Any CPU
		{4A0316EE-C208-4AE8-B144-975CE31F14B7}.Release|Any CPU.ActiveCfg = Release|Any CPU
		{4A0316EE-C208-4AE8-B144-975CE31F14B7}.Release|Any CPU.Build.0 = Release|Any CPU
		{EB924E2F-B99F-4DAC-873B-15C054E2748B}.Debug|Any CPU.ActiveCfg = Debug|Any CPU
		{EB924E2F-B99F-4DAC-873B-15C054E2748B}.Debug|Any CPU.Build.0 = Debug|Any CPU
		{EB924E2F-B99F-4DAC-873B-15C054E2748B}.Release|Any CPU.ActiveCfg = Release|Any CPU
		{EB924E2F-B99F-4DAC-873B-15C054E2748B}.Release|Any CPU.Build.0 = Release|Any CPU
		{ADF93232-EBE2-49E5-A6BC-0062EEA1C11D}.Debug|Any CPU.ActiveCfg = Debug|Any CPU
		{ADF93232-EBE2-49E5-A6BC-0062EEA1C11D}.Debug|Any CPU.Build.0 = Debug|Any CPU
		{ADF93232-EBE2-49E5-A6BC-0062EEA1C11D}.Release|Any CPU.ActiveCfg = Release|Any CPU
		{ADF93232-EBE2-49E5-A6BC-0062EEA1C11D}.Release|Any CPU.Build.0 = Release|Any CPU
		{2533DD8A-7C4B-4A1A-8F61-83467653C283}.Debug|Any CPU.ActiveCfg = Debug|Any CPU
		{2533DD8A-7C4B-4A1A-8F61-83467653C283}.Debug|Any CPU.Build.0 = Debug|Any CPU
		{2533DD8A-7C4B-4A1A-8F61-83467653C283}.Debug|Any CPU.Deploy.0 = Debug|Any CPU
		{2533DD8A-7C4B-4A1A-8F61-83467653C283}.Release|Any CPU.ActiveCfg = Release|Any CPU
		{2533DD8A-7C4B-4A1A-8F61-83467653C283}.Release|Any CPU.Build.0 = Release|Any CPU
		{2533DD8A-7C4B-4A1A-8F61-83467653C283}.Release|Any CPU.Deploy.0 = Release|Any CPU
	EndGlobalSection
	GlobalSection(SolutionProperties) = preSolution
		HideSolutionNode = FALSE
	EndGlobalSection
	GlobalSection(ExtensibilityGlobals) = postSolution
		SolutionGuid = {AFD09944-5969-44F6-ACF8-57DFF5CF41E3}
	EndGlobalSection
EndGlobal
